
Microsoft Visual Studio Solution File, Format Version 12.00
# Visual Studio Version 17
VisualStudioVersion = 17.0.31903.59
MinimumVisualStudioVersion = 10.0.40219.1
Project("{2150E333-8FDC-42A3-9474-1A3956D46DE8}") = "src", "src", "{827E0CD3-B72D-47B6-A68D-7590B98EB39B}"
EndProject
Project("{FAE04EC0-301F-11D3-BF4B-00C04F79EFBC}") = "ModuleHeatMap.Core", "src\ModuleHeatMap.Core\ModuleHeatMap.Core.csproj", "{CCB4B643-8A7B-46E3-884B-6208258F0337}"
EndProject
Project("{FAE04EC0-301F-11D3-BF4B-00C04F79EFBC}") = "ModuleHeatMap.Application", "src\ModuleHeatMap.Application\ModuleHeatMap.Application.csproj", "{6986EF33-6F00-4587-B7B4-93A83D410F6A}"
EndProject
Project("{FAE04EC0-301F-11D3-BF4B-00C04F79EFBC}") = "ModuleHeatMap.Infrastructure", "src\ModuleHeatMap.Infrastructure\ModuleHeatMap.Infrastructure.csproj", "{E84214F0-A5E0-477F-8E87-8B8569FA931D}"
EndProject
Project("{FAE04EC0-301F-11D3-BF4B-00C04F79EFBC}") = "ModuleHeatMap.API", "src\ModuleHeatMap.API\ModuleHeatMap.API.csproj", "{63EF94F8-37FE-4D8F-8731-89146C72C20F}"
EndProject
Project("{FAE04EC0-301F-11D3-BF4B-00C04F79EFBC}") = "ModuleHeatMap.SDK", "src\ModuleHeatMap.SDK\ModuleHeatMap.SDK.csproj", "{A19E7291-F872-4D33-94C4-99DA41F8D19A}"
EndProject
Project("{2150E333-8FDC-42A3-9474-1A3956D46DE8}") = "tests", "tests", "{0AB3BF05-4346-4AA6-1389-037BE0695223}"
EndProject
Project("{FAE04EC0-301F-11D3-BF4B-00C04F79EFBC}") = "ModuleHeatMap.Tests.Unit", "tests\ModuleHeatMap.Tests.Unit\ModuleHeatMap.Tests.Unit.csproj", "{15974E25-49EA-4188-96C4-BB25613B7980}"
EndProject
Project("{FAE04EC0-301F-11D3-BF4B-00C04F79EFBC}") = "ModuleHeatMap.Tests.Integration", "tests\ModuleHeatMap.Tests.Integration\ModuleHeatMap.Tests.Integration.csproj", "{BBFCC4EF-E80D-48C8-9B8A-EEB3FE080333}"
EndProject
Project("{2150E333-8FDC-42A3-9474-1A3956D46DE8}") = "examples", "examples", "{B36A84DF-456D-A817-6EDD-3EC3E7F6E11F}"
EndProject
Project("{FAE04EC0-301F-11D3-BF4B-00C04F79EFBC}") = "ExampleApp", "examples\ExampleApp\ExampleApp.csproj", "{7A334A88-0325-4F11-9844-3FDEABF2A46E}"
EndProject
Global
	GlobalSection(SolutionConfigurationPlatforms) = preSolution
		Debug|Any CPU = Debug|Any CPU
		Debug|x64 = Debug|x64
		Debug|x86 = Debug|x86
		Release|Any CPU = Release|Any CPU
		Release|x64 = Release|x64
		Release|x86 = Release|x86
	EndGlobalSection
	GlobalSection(ProjectConfigurationPlatforms) = postSolution
		{CCB4B643-8A7B-46E3-884B-6208258F0337}.Debug|Any CPU.ActiveCfg = Debug|Any CPU
		{CCB4B643-8A7B-46E3-884B-6208258F0337}.Debug|Any CPU.Build.0 = Debug|Any CPU
		{CCB4B643-8A7B-46E3-884B-6208258F0337}.Debug|x64.ActiveCfg = Debug|Any CPU
		{CCB4B643-8A7B-46E3-884B-6208258F0337}.Debug|x64.Build.0 = Debug|Any CPU
		{CCB4B643-8A7B-46E3-884B-6208258F0337}.Debug|x86.ActiveCfg = Debug|Any CPU
		{CCB4B643-8A7B-46E3-884B-6208258F0337}.Debug|x86.Build.0 = Debug|Any CPU
		{CCB4B643-8A7B-46E3-884B-6208258F0337}.Release|Any CPU.ActiveCfg = Release|Any CPU
		{CCB4B643-8A7B-46E3-884B-6208258F0337}.Release|Any CPU.Build.0 = Release|Any CPU
		{CCB4B643-8A7B-46E3-884B-6208258F0337}.Release|x64.ActiveCfg = Release|Any CPU
		{CCB4B643-8A7B-46E3-884B-6208258F0337}.Release|x64.Build.0 = Release|Any CPU
		{CCB4B643-8A7B-46E3-884B-6208258F0337}.Release|x86.ActiveCfg = Release|Any CPU
		{CCB4B643-8A7B-46E3-884B-6208258F0337}.Release|x86.Build.0 = Release|Any CPU
		{6986EF33-6F00-4587-B7B4-93A83D410F6A}.Debug|Any CPU.ActiveCfg = Debug|Any CPU
		{6986EF33-6F00-4587-B7B4-93A83D410F6A}.Debug|Any CPU.Build.0 = Debug|Any CPU
		{6986EF33-6F00-4587-B7B4-93A83D410F6A}.Debug|x64.ActiveCfg = Debug|Any CPU
		{6986EF33-6F00-4587-B7B4-93A83D410F6A}.Debug|x64.Build.0 = Debug|Any CPU
		{6986EF33-6F00-4587-B7B4-93A83D410F6A}.Debug|x86.ActiveCfg = Debug|Any CPU
		{6986EF33-6F00-4587-B7B4-93A83D410F6A}.Debug|x86.Build.0 = Debug|Any CPU
		{6986EF33-6F00-4587-B7B4-93A83D410F6A}.Release|Any CPU.ActiveCfg = Release|Any CPU
		{6986EF33-6F00-4587-B7B4-93A83D410F6A}.Release|Any CPU.Build.0 = Release|Any CPU
		{6986EF33-6F00-4587-B7B4-93A83D410F6A}.Release|x64.ActiveCfg = Release|Any CPU
		{6986EF33-6F00-4587-B7B4-93A83D410F6A}.Release|x64.Build.0 = Release|Any CPU
		{6986EF33-6F00-4587-B7B4-93A83D410F6A}.Release|x86.ActiveCfg = Release|Any CPU
		{6986EF33-6F00-4587-B7B4-93A83D410F6A}.Release|x86.Build.0 = Release|Any CPU
		{E84214F0-A5E0-477F-8E87-8B8569FA931D}.Debug|Any CPU.ActiveCfg = Debug|Any CPU
		{E84214F0-A5E0-477F-8E87-8B8569FA931D}.Debug|Any CPU.Build.0 = Debug|Any CPU
		{E84214F0-A5E0-477F-8E87-8B8569FA931D}.Debug|x64.ActiveCfg = Debug|Any CPU
		{E84214F0-A5E0-477F-8E87-8B8569FA931D}.Debug|x64.Build.0 = Debug|Any CPU
		{E84214F0-A5E0-477F-8E87-8B8569FA931D}.Debug|x86.ActiveCfg = Debug|Any CPU
		{E84214F0-A5E0-477F-8E87-8B8569FA931D}.Debug|x86.Build.0 = Debug|Any CPU
		{E84214F0-A5E0-477F-8E87-8B8569FA931D}.Release|Any CPU.ActiveCfg = Release|Any CPU
		{E84214F0-A5E0-477F-8E87-8B8569FA931D}.Release|Any CPU.Build.0 = Release|Any CPU
		{E84214F0-A5E0-477F-8E87-8B8569FA931D}.Release|x64.ActiveCfg = Release|Any CPU
		{E84214F0-A5E0-477F-8E87-8B8569FA931D}.Release|x64.Build.0 = Release|Any CPU
		{E84214F0-A5E0-477F-8E87-8B8569FA931D}.Release|x86.ActiveCfg = Release|Any CPU
		{E84214F0-A5E0-477F-8E87-8B8569FA931D}.Release|x86.Build.0 = Release|Any CPU
		{63EF94F8-37FE-4D8F-8731-89146C72C20F}.Debug|Any CPU.ActiveCfg = Debug|Any CPU
		{63EF94F8-37FE-4D8F-8731-89146C72C20F}.Debug|Any CPU.Build.0 = Debug|Any CPU
		{63EF94F8-37FE-4D8F-8731-89146C72C20F}.Debug|x64.ActiveCfg = Debug|Any CPU
		{63EF94F8-37FE-4D8F-8731-89146C72C20F}.Debug|x64.Build.0 = Debug|Any CPU
		{63EF94F8-37FE-4D8F-8731-89146C72C20F}.Debug|x86.ActiveCfg = Debug|Any CPU
		{63EF94F8-37FE-4D8F-8731-89146C72C20F}.Debug|x86.Build.0 = Debug|Any CPU
		{63EF94F8-37FE-4D8F-8731-89146C72C20F}.Release|Any CPU.ActiveCfg = Release|Any CPU
		{63EF94F8-37FE-4D8F-8731-89146C72C20F}.Release|Any CPU.Build.0 = Release|Any CPU
		{63EF94F8-37FE-4D8F-8731-89146C72C20F}.Release|x64.ActiveCfg = Release|Any CPU
		{63EF94F8-37FE-4D8F-8731-89146C72C20F}.Release|x64.Build.0 = Release|Any CPU
		{63EF94F8-37FE-4D8F-8731-89146C72C20F}.Release|x86.ActiveCfg = Release|Any CPU
		{63EF94F8-37FE-4D8F-8731-89146C72C20F}.Release|x86.Build.0 = Release|Any CPU
		{A19E7291-F872-4D33-94C4-99DA41F8D19A}.Debug|Any CPU.ActiveCfg = Debug|Any CPU
		{A19E7291-F872-4D33-94C4-99DA41F8D19A}.Debug|Any CPU.Build.0 = Debug|Any CPU
		{A19E7291-F872-4D33-94C4-99DA41F8D19A}.Debug|x64.ActiveCfg = Debug|Any CPU
		{A19E7291-F872-4D33-94C4-99DA41F8D19A}.Debug|x64.Build.0 = Debug|Any CPU
		{A19E7291-F872-4D33-94C4-99DA41F8D19A}.Debug|x86.ActiveCfg = Debug|Any CPU
		{A19E7291-F872-4D33-94C4-99DA41F8D19A}.Debug|x86.Build.0 = Debug|Any CPU
		{A19E7291-F872-4D33-94C4-99DA41F8D19A}.Release|Any CPU.ActiveCfg = Release|Any CPU
		{A19E7291-F872-4D33-94C4-99DA41F8D19A}.Release|Any CPU.Build.0 = Release|Any CPU
		{A19E7291-F872-4D33-94C4-99DA41F8D19A}.Release|x64.ActiveCfg = Release|Any CPU
		{A19E7291-F872-4D33-94C4-99DA41F8D19A}.Release|x64.Build.0 = Release|Any CPU
		{A19E7291-F872-4D33-94C4-99DA41F8D19A}.Release|x86.ActiveCfg = Release|Any CPU
		{A19E7291-F872-4D33-94C4-99DA41F8D19A}.Release|x86.Build.0 = Release|Any CPU
		{15974E25-49EA-4188-96C4-BB25613B7980}.Debug|Any CPU.ActiveCfg = Debug|Any CPU
		{15974E25-49EA-4188-96C4-BB25613B7980}.Debug|Any CPU.Build.0 = Debug|Any CPU
		{15974E25-49EA-4188-96C4-BB25613B7980}.Debug|x64.ActiveCfg = Debug|Any CPU
		{15974E25-49EA-4188-96C4-BB25613B7980}.Debug|x64.Build.0 = Debug|Any CPU
		{15974E25-49EA-4188-96C4-BB25613B7980}.Debug|x86.ActiveCfg = Debug|Any CPU
		{15974E25-49EA-4188-96C4-BB25613B7980}.Debug|x86.Build.0 = Debug|Any CPU
		{15974E25-49EA-4188-96C4-BB25613B7980}.Release|Any CPU.ActiveCfg = Release|Any CPU
		{15974E25-49EA-4188-96C4-BB25613B7980}.Release|Any CPU.Build.0 = Release|Any CPU
		{15974E25-49EA-4188-96C4-BB25613B7980}.Release|x64.ActiveCfg = Release|Any CPU
		{15974E25-49EA-4188-96C4-BB25613B7980}.Release|x64.Build.0 = Release|Any CPU
		{15974E25-49EA-4188-96C4-BB25613B7980}.Release|x86.ActiveCfg = Release|Any CPU
		{15974E25-49EA-4188-96C4-BB25613B7980}.Release|x86.Build.0 = Release|Any CPU
		{BBFCC4EF-E80D-48C8-9B8A-EEB3FE080333}.Debug|Any CPU.ActiveCfg = Debug|Any CPU
		{BBFCC4EF-E80D-48C8-9B8A-EEB3FE080333}.Debug|Any CPU.Build.0 = Debug|Any CPU
		{BBFCC4EF-E80D-48C8-9B8A-EEB3FE080333}.Debug|x64.ActiveCfg = Debug|Any CPU
		{BBFCC4EF-E80D-48C8-9B8A-EEB3FE080333}.Debug|x64.Build.0 = Debug|Any CPU
		{BBFCC4EF-E80D-48C8-9B8A-EEB3FE080333}.Debug|x86.ActiveCfg = Debug|Any CPU
		{BBFCC4EF-E80D-48C8-9B8A-EEB3FE080333}.Debug|x86.Build.0 = Debug|Any CPU
		{BBFCC4EF-E80D-48C8-9B8A-EEB3FE080333}.Release|Any CPU.ActiveCfg = Release|Any CPU
		{BBFCC4EF-E80D-48C8-9B8A-EEB3FE080333}.Release|Any CPU.Build.0 = Release|Any CPU
		{BBFCC4EF-E80D-48C8-9B8A-EEB3FE080333}.Release|x64.ActiveCfg = Release|Any CPU
		{BBFCC4EF-E80D-48C8-9B8A-EEB3FE080333}.Release|x64.Build.0 = Release|Any CPU
		{BBFCC4EF-E80D-48C8-9B8A-EEB3FE080333}.Release|x86.ActiveCfg = Release|Any CPU
		{BBFCC4EF-E80D-48C8-9B8A-EEB3FE080333}.Release|x86.Build.0 = Release|Any CPU
		{7A334A88-0325-4F11-9844-3FDEABF2A46E}.Debug|Any CPU.ActiveCfg = Debug|Any CPU
		{7A334A88-0325-4F11-9844-3FDEABF2A46E}.Debug|Any CPU.Build.0 = Debug|Any CPU
		{7A334A88-0325-4F11-9844-3FDEABF2A46E}.Debug|x64.ActiveCfg = Debug|Any CPU
		{7A334A88-0325-4F11-9844-3FDEABF2A46E}.Debug|x64.Build.0 = Debug|Any CPU
		{7A334A88-0325-4F11-9844-3FDEABF2A46E}.Debug|x86.ActiveCfg = Debug|Any CPU
		{7A334A88-0325-4F11-9844-3FDEABF2A46E}.Debug|x86.Build.0 = Debug|Any CPU
		{7A334A88-0325-4F11-9844-3FDEABF2A46E}.Release|Any CPU.ActiveCfg = Release|Any CPU
		{7A334A88-0325-4F11-9844-3FDEABF2A46E}.Release|Any CPU.Build.0 = Release|Any CPU
		{7A334A88-0325-4F11-9844-3FDEABF2A46E}.Release|x64.ActiveCfg = Release|Any CPU
		{7A334A88-0325-4F11-9844-3FDEABF2A46E}.Release|x64.Build.0 = Release|Any CPU
		{7A334A88-0325-4F11-9844-3FDEABF2A46E}.Release|x86.ActiveCfg = Release|Any CPU
		{7A334A88-0325-4F11-9844-3FDEABF2A46E}.Release|x86.Build.0 = Release|Any CPU
	EndGlobalSection
	GlobalSection(SolutionProperties) = preSolution
		HideSolutionNode = FALSE
	EndGlobalSection
	GlobalSection(NestedProjects) = preSolution
		{CCB4B643-8A7B-46E3-884B-6208258F0337} = {827E0CD3-B72D-47B6-A68D-7590B98EB39B}
		{6986EF33-6F00-4587-B7B4-93A83D410F6A} = {827E0CD3-B72D-47B6-A68D-7590B98EB39B}
		{E84214F0-A5E0-477F-8E87-8B8569FA931D} = {827E0CD3-B72D-47B6-A68D-7590B98EB39B}
		{63EF94F8-37FE-4D8F-8731-89146C72C20F} = {827E0CD3-B72D-47B6-A68D-7590B98EB39B}
		{A19E7291-F872-4D33-94C4-99DA41F8D19A} = {827E0CD3-B72D-47B6-A68D-7590B98EB39B}
		{15974E25-49EA-4188-96C4-BB25613B7980} = {0AB3BF05-4346-4AA6-1389-037BE0695223}
		{BBFCC4EF-E80D-48C8-9B8A-EEB3FE080333} = {0AB3BF05-4346-4AA6-1389-037BE0695223}
		{7A334A88-0325-4F11-9844-3FDEABF2A46E} = {B36A84DF-456D-A817-6EDD-3EC3E7F6E11F}
	EndGlobalSection
EndGlobal
